// !$*UTF8*$!
{
	archiveVersion = 1;
	classes = {
	};
	objectVersion = 77;
	objects = {

/* Begin PBXBuildFile section */
		8844340C2FD94CDE00D86AF8 /* FirebaseAI in Frameworks */ = {isa = PBXBuildFile; productRef = 8844340B2FD94CDE00D86AF8 /* FirebaseAI */; };
		8844340E2FD94CDE00D86AF8 /* FirebaseAILogic in Frameworks */ = {isa = PBXBuildFile; productRef = 8844340D2FD94CDE00D86AF8 /* FirebaseAILogic */; };
		884434102FD94CDE00D86AF8 /* FirebaseAppCheck in Frameworks */ = {isa = PBXBuildFile; productRef = 8844340F2FD94CDE00D86AF8 /* FirebaseAppCheck */; };
		884434122FD94CDE00D86AF8 /* FirebaseCore in Frameworks */ = {isa = PBXBuildFile; productRef = 884434112FD94CDE00D86AF8 /* FirebaseCore */; };
		888D3E8F2FD7AFE70036B084 /* FirebaseAI in Frameworks */ = {isa = PBXBuildFile; productRef = 888D3E8E2FD7AFE70036B084 /* FirebaseAI */; };
		888D3E912FD7AFE70036B084 /* FirebaseAILogic in Frameworks */ = {isa = PBXBuildFile; productRef = 888D3E902FD7AFE70036B084 /* FirebaseAILogic */; };
		888D3E932FD7AFE70036B084 /* FirebaseAppCheck in Frameworks */ = {isa = PBXBuildFile; productRef = 888D3E922FD7AFE70036B084 /* FirebaseAppCheck */; };
		88B61B792FD8577600B3C1CE /* FirebaseAI in Frameworks */ = {isa = PBXBuildFile; productRef = 88B61B782FD8577600B3C1CE /* FirebaseAI */; };
		88B61B7B2FD8577600B3C1CE /* FirebaseAILogic in Frameworks */ = {isa = PBXBuildFile; productRef = 88B61B7A2FD8577600B3C1CE /* FirebaseAILogic */; };
		88B61B7D2FD8577600B3C1CE /* FirebaseAppCheck in Frameworks */ = {isa = PBXBuildFile; productRef = 88B61B7C2FD8577600B3C1CE /* FirebaseAppCheck */; };
		88B61B7F2FD8577600B3C1CE /* FirebaseCore in Frameworks */ = {isa = PBXBuildFile; productRef = 88B61B7E2FD8577600B3C1CE /* FirebaseCore */; };
/* End PBXBuildFile section */

/* Begin PBXFileReference section */
		5EE18ED9DD0EBE12A9EA0B91 /* LICENSE.txt */ = {isa = PBXFileReference; includeInIndex = 1; lastKnownFileType = text; path = LICENSE.txt; sourceTree = "<group>"; };
		9AFBAAF37D3D2CD5D83C356B /* README.md */ = {isa = PBXFileReference; lastKnownFileType = net.daringfireball.markdown; name = README.md; path = ../README.md; sourceTree = "<group>"; };
		C2CF23B4E783FC5A6E4F1639 /* SampleCode.xcconfig */ = {isa = PBXFileReference; lastKnownFileType = text.xcconfig; name = SampleCode.xcconfig; path = ../Configuration/SampleCode.xcconfig; sourceTree = "<group>"; };
		D82EA0F52D5692FD00493877 /* FoundationModelsTripPlanner.app */ = {isa = PBXFileReference; explicitFileType = wrapper.application; includeInIndex = 0; path = FoundationModelsTripPlanner.app; sourceTree = BUILT_PRODUCTS_DIR; };
/* End PBXFileReference section */

/* Begin PBXFileSystemSynchronizedBuildFileExceptionSet section */
		90329FE12DC58934001B04E7 /* Exceptions for "FoundationModelsTripPlanner" folder in "FoundationModelsTripPlanner" target */ = {
			isa = PBXFileSystemSynchronizedBuildFileExceptionSet;
			membershipExceptions = (
				Info.plist,
			);
			target = D82EA0F42D5692FD00493877 /* FoundationModelsTripPlanner */;
		};
/* End PBXFileSystemSynchronizedBuildFileExceptionSet section */

/* Begin PBXFileSystemSynchronizedRootGroup section */
		D82EA0F72D5692FD00493877 /* FoundationModelsTripPlanner */ = {
			isa = PBXFileSystemSynchronizedRootGroup;
			exceptions = (
				90329FE12DC58934001B04E7 /* Exceptions for "FoundationModelsTripPlanner" folder in "FoundationModelsTripPlanner" target */,
			);
			path = FoundationModelsTripPlanner;
			sourceTree = "<group>";
		};
/* End PBXFileSystemSynchronizedRootGroup section */

/* Begin PBXFrameworksBuildPhase section */
		D82EA0F22D5692FD00493877 /* Frameworks */ = {
			isa = PBXFrameworksBuildPhase;
			buildActionMask = 2147483647;
			files = (
				8844340E2FD94CDE00D86AF8 /* FirebaseAILogic in Frameworks */,
				888D3E912FD7AFE70036B084 /* FirebaseAILogic in Frameworks */,
				884434122FD94CDE00D86AF8 /* FirebaseCore in Frameworks */,
				88B61B792FD8577600B3C1CE /* FirebaseAI in Frameworks */,
				888D3E932FD7AFE70036B084 /* FirebaseAppCheck in Frameworks */,
				888D3E8F2FD7AFE70036B084 /* FirebaseAI in Frameworks */,
				88B61B7F2FD8577600B3C1CE /* FirebaseCore in Frameworks */,
				8844340C2FD94CDE00D86AF8 /* FirebaseAI in Frameworks */,
				88B61B7D2FD8577600B3C1CE /* FirebaseAppCheck in Frameworks */,
				884434102FD94CDE00D86AF8 /* FirebaseAppCheck in Frameworks */,
				88B61B7B2FD8577600B3C1CE /* FirebaseAILogic in Frameworks */,
			);
			runOnlyForDeploymentPostprocessing = 0;
		};
/* End PBXFrameworksBuildPhase section */

/* Begin PBXGroup section */
		331AAE968A03CD8D4B00A770 /* Configuration */ = {
			isa = PBXGroup;
			children = (
				C2CF23B4E783FC5A6E4F1639 /* SampleCode.xcconfig */,
			);
			name = Configuration;
			sourceTree = "<group>";
		};
		535B00A47148F2402431D659 /* LICENSE */ = {
			isa = PBXGroup;
			children = (
				5EE18ED9DD0EBE12A9EA0B91 /* LICENSE.txt */,
			);
			name = LICENSE;
			path = ..;
			sourceTree = "<group>";
		};
		B9D942512DB17CDB0021CFA6 /* Frameworks */ = {
			isa = PBXGroup;
			children = (
			);
			name = Frameworks;
			sourceTree = "<group>";
		};
		D82EA0EC2D5692FD00493877 = {
			isa = PBXGroup;
			children = (
				9AFBAAF37D3D2CD5D83C356B /* README.md */,
				D82EA0F72D5692FD00493877 /* FoundationModelsTripPlanner */,
				B9D942512DB17CDB0021CFA6 /* Frameworks */,
				D82EA0F62D5692FD00493877 /* Products */,
				331AAE968A03CD8D4B00A770 /* Configuration */,
				535B00A47148F2402431D659 /* LICENSE */,
			);
			sourceTree = "<group>";
		};
		D82EA0F62D5692FD00493877 /* Products */ = {
			isa = PBXGroup;
			children = (
				D82EA0F52D5692FD00493877 /* FoundationModelsTripPlanner.app */,
			);
			name = Products;
			sourceTree = "<group>";
		};
/* End PBXGroup section */

/* Begin PBXNativeTarget section */
		D82EA0F42D5692FD00493877 /* FoundationModelsTripPlanner */ = {
			isa = PBXNativeTarget;
			buildConfigurationList = D82EA1012D5692FE00493877 /* Build configuration list for PBXNativeTarget "FoundationModelsTripPlanner" */;
			buildPhases = (
				D82EA0F12D5692FD00493877 /* Sources */,
				D82EA0F22D5692FD00493877 /* Frameworks */,
				D82EA0F32D5692FD00493877 /* Resources */,
			);
			buildRules = (
			);
			dependencies = (
			);
			fileSystemSynchronizedGroups = (
				D82EA0F72D5692FD00493877 /* FoundationModelsTripPlanner */,
			);
			name = FoundationModelsTripPlanner;
			productName = Landmarks;
			productReference = D82EA0F52D5692FD00493877 /* FoundationModelsTripPlanner.app */;
			productType = "com.apple.product-type.application";
		};
/* End PBXNativeTarget section */

/* Begin PBXProject section */
		D82EA0ED2D5692FD00493877 /* Project object */ = {
			isa = PBXProject;
			attributes = {
				BuildIndependentTargetsInParallel = 1;
				LastSwiftUpdateCheck = 1700;
				LastUpgradeCheck = 2600;
				ORGANIZATIONNAME = Apple;
				TargetAttributes = {
					D82EA0F42D5692FD00493877 = {
						CreatedOnToolsVersion = 17.0;
					};
				};
			};
			buildConfigurationList = D82EA0F02D5692FD00493877 /* Build configuration list for PBXProject "FoundationModelsTripPlanner" */;
			developmentRegion = en;
			hasScannedForEncodings = 0;
			knownRegions = (
				en,
				Base,
			);
			mainGroup = D82EA0EC2D5692FD00493877;
			packageReferences = (
				8844340A2FD94CDE00D86AF8 /* XCRemoteSwiftPackageReference "firebase-ios-sdk" */,
			);
			preferredProjectObjectVersion = 77;
			productRefGroup = D82EA0F62D5692FD00493877 /* Products */;
			projectDirPath = "";
			projectRoot = "";
			targets = (
				D82EA0F42D5692FD00493877 /* FoundationModelsTripPlanner */,
			);
		};
/* End PBXProject section */

/* Begin PBXResourcesBuildPhase section */
		D82EA0F32D5692FD00493877 /* Resources */ = {
			isa = PBXResourcesBuildPhase;
			buildActionMask = 2147483647;
			files = (
			);
			runOnlyForDeploymentPostprocessing = 0;
		};
/* End PBXResourcesBuildPhase section */

/* Begin PBXSourcesBuildPhase section */
		D82EA0F12D5692FD00493877 /* Sources */ = {
			isa = PBXSourcesBuildPhase;
			buildActionMask = 2147483647;
			files = (
			);
			runOnlyForDeploymentPostprocessing = 0;
		};
/* End PBXSourcesBuildPhase section */

/* Begin XCBuildConfiguration section */
		D82EA0FF2D5692FE00493877 /* Debug */ = {
			isa = XCBuildConfiguration;
			baseConfigurationReference = C2CF23B4E783FC5A6E4F1639 /* SampleCode.xcconfig */;
			buildSettings = {
				ALWAYS_SEARCH_USER_PATHS = NO;
				ASSETCATALOG_COMPILER_GENERATE_SWIFT_ASSET_SYMBOL_EXTENSIONS = YES;
				CLANG_ANALYZER_NONNULL = YES;
				CLANG_ANALYZER_NUMBER_OBJECT_CONVERSION = YES_AGGRESSIVE;
				CLANG_CXX_LANGUAGE_STANDARD = "gnu++20";
				CLANG_ENABLE_MODULES = YES;
				CLANG_ENABLE_OBJC_ARC = YES;
				CLANG_ENABLE_OBJC_WEAK = YES;
				CLANG_WARN_BLOCK_CAPTURE_AUTORELEASING = YES;
				CLANG_WARN_BOOL_CONVERSION = YES;
				CLANG_WARN_COMMA = YES;
				CLANG_WARN_CONSTANT_CONVERSION = YES;
				CLANG_WARN_DEPRECATED_OBJC_IMPLEMENTATIONS = YES;
				CLANG_WARN_DIRECT_OBJC_ISA_USAGE = YES_ERROR;
				CLANG_WARN_DOCUMENTATION_COMMENTS = YES;
				CLANG_WARN_EMPTY_BODY = YES;
				CLANG_WARN_ENUM_CONVERSION = YES;
				CLANG_WARN_INFINITE_RECURSION = YES;
				CLANG_WARN_INT_CONVERSION = YES;
				CLANG_WARN_NON_LITERAL_NULL_CONVERSION = YES;
				CLANG_WARN_OBJC_IMPLICIT_RETAIN_SELF = YES;
				CLANG_WARN_OBJC_LITERAL_CONVERSION = YES;
				CLANG_WARN_OBJC_ROOT_CLASS = YES_ERROR;
				CLANG_WARN_QUOTED_INCLUDE_IN_FRAMEWORK_HEADER = YES;
				CLANG_WARN_RANGE_LOOP_ANALYSIS = YES;
				CLANG_WARN_STRICT_PROTOTYPES = YES;
				CLANG_WARN_SUSPICIOUS_MOVE = YES;
				CLANG_WARN_UNGUARDED_AVAILABILITY = YES_AGGRESSIVE;
				CLANG_WARN_UNREACHABLE_CODE = YES;
				CLANG_WARN__DUPLICATE_METHOD_MATCH = YES;
				COPY_PHASE_STRIP = NO;
				DEAD_CODE_STRIPPING = YES;
				DEBUG_INFORMATION_FORMAT = dwarf;
				DEVELOPMENT_TEAM = D6B62XVC28;
				ENABLE_STRICT_OBJC_MSGSEND = YES;
				ENABLE_TESTABILITY = YES;
				ENABLE_USER_SCRIPT_SANDBOXING = YES;
				GCC_C_LANGUAGE_STANDARD = gnu17;
				GCC_DYNAMIC_NO_PIC = NO;
				GCC_NO_COMMON_BLOCKS = YES;
				GCC_OPTIMIZATION_LEVEL = 0;
				GCC_PREPROCESSOR_DEFINITIONS = (
					"DEBUG=1",
					"$(inherited)",
				);
				GCC_WARN_64_TO_32_BIT_CONVERSION = YES;
				GCC_WARN_ABOUT_RETURN_TYPE = YES_ERROR;
				GCC_WARN_UNDECLARED_SELECTOR = YES;
				GCC_WARN_UNINITIALIZED_AUTOS = YES_AGGRESSIVE;
				GCC_WARN_UNUSED_FUNCTION = YES;
				GCC_WARN_UNUSED_VARIABLE = YES;
				LOCALIZATION_PREFERS_STRING_CATALOGS = YES;
				MTL_ENABLE_DEBUG_INFO = INCLUDE_SOURCE;
				MTL_FAST_MATH = YES;
				ONLY_ACTIVE_ARCH = YES;
				STRING_CATALOG_GENERATE_SYMBOLS = YES;
				SWIFT_ACTIVE_COMPILATION_CONDITIONS = "DEBUG $(inherited)";
				SWIFT_OPTIMIZATION_LEVEL = "-Onone";
			};
			name = Debug;
		};
		D82EA1002D5692FE00493877 /* Release */ = {
			isa = XCBuildConfiguration;
			baseConfigurationReference = C2CF23B4E783FC5A6E4F1639 /* SampleCode.xcconfig */;
			buildSettings = {
				ALWAYS_SEARCH_USER_PATHS = NO;
				ASSETCATALOG_COMPILER_GENERATE_SWIFT_ASSET_SYMBOL_EXTENSIONS = YES;
				CLANG_ANALYZER_NONNULL = YES;
				CLANG_ANALYZER_NUMBER_OBJECT_CONVERSION = YES_AGGRESSIVE;
				CLANG_CXX_LANGUAGE_STANDARD = "gnu++20";
				CLANG_ENABLE_MODULES = YES;
				CLANG_ENABLE_OBJC_ARC = YES;
				CLANG_ENABLE_OBJC_WEAK = YES;
				CLANG_WARN_BLOCK_CAPTURE_AUTORELEASING = YES;
				CLANG_WARN_BOOL_CONVERSION = YES;
				CLANG_WARN_COMMA = YES;
				CLANG_WARN_CONSTANT_CONVERSION = YES;
				CLANG_WARN_DEPRECATED_OBJC_IMPLEMENTATIONS = YES;
				CLANG_WARN_DIRECT_OBJC_ISA_USAGE = YES_ERROR;
				CLANG_WARN_DOCUMENTATION_COMMENTS = YES;
				CLANG_WARN_EMPTY_BODY = YES;
				CLANG_WARN_ENUM_CONVERSION = YES;
				CLANG_WARN_INFINITE_RECURSION = YES;
				CLANG_WARN_INT_CONVERSION = YES;
				CLANG_WARN_NON_LITERAL_NULL_CONVERSION = YES;
				CLANG_WARN_OBJC_IMPLICIT_RETAIN_SELF = YES;
				CLANG_WARN_OBJC_LITERAL_CONVERSION = YES;
				CLANG_WARN_OBJC_ROOT_CLASS = YES_ERROR;
				CLANG_WARN_QUOTED_INCLUDE_IN_FRAMEWORK_HEADER = YES;
				CLANG_WARN_RANGE_LOOP_ANALYSIS = YES;
				CLANG_WARN_STRICT_PROTOTYPES = YES;
				CLANG_WARN_SUSPICIOUS_MOVE = YES;
				CLANG_WARN_UNGUARDED_AVAILABILITY = YES_AGGRESSIVE;
				CLANG_WARN_UNREACHABLE_CODE = YES;
				CLANG_WARN__DUPLICATE_METHOD_MATCH = YES;
				COPY_PHASE_STRIP = NO;
				DEAD_CODE_STRIPPING = YES;
				DEBUG_INFORMATION_FORMAT = "dwarf-with-dsym";
				DEVELOPMENT_TEAM = D6B62XVC28;
				ENABLE_NS_ASSERTIONS = NO;
				ENABLE_STRICT_OBJC_MSGSEND = YES;
				ENABLE_USER_SCRIPT_SANDBOXING = YES;
				GCC_C_LANGUAGE_STANDARD = gnu17;
				GCC_NO_COMMON_BLOCKS = YES;
				GCC_WARN_64_TO_32_BIT_CONVERSION = YES;
				GCC_WARN_ABOUT_RETURN_TYPE = YES_ERROR;
				GCC_WARN_UNDECLARED_SELECTOR = YES;
				GCC_WARN_UNINITIALIZED_AUTOS = YES_AGGRESSIVE;
				GCC_WARN_UNUSED_FUNCTION = YES;
				GCC_WARN_UNUSED_VARIABLE = YES;
				LOCALIZATION_PREFERS_STRING_CATALOGS = YES;
				MTL_ENABLE_DEBUG_INFO = NO;
				MTL_FAST_MATH = YES;
				STRING_CATALOG_GENERATE_SYMBOLS = YES;
				SWIFT_COMPILATION_MODE = wholemodule;
			};
			name = Release;
		};
		D82EA1022D5692FE00493877 /* Debug */ = {
			isa = XCBuildConfiguration;
			baseConfigurationReference = C2CF23B4E783FC5A6E4F1639 /* SampleCode.xcconfig */;
			buildSettings = {
				ASSETCATALOG_COMPILER_APPICON_NAME = AppIcon;
				ASSETCATALOG_COMPILER_GLOBAL_ACCENT_COLOR_NAME = AccentColor;
				CODE_SIGN_ENTITLEMENTS = FoundationModelsTripPlanner/FoundationModelsTripPlanner.entitlements;
				CODE_SIGN_IDENTITY = "Apple Development";
				CODE_SIGN_STYLE = Automatic;
				CURRENT_PROJECT_VERSION = 1;
				DEAD_CODE_STRIPPING = YES;
				DEVELOPMENT_TEAM = YGAZHQXHH4;
				ENABLE_APP_SANDBOX = YES;
				ENABLE_HARDENED_RUNTIME = YES;
				ENABLE_INCOMING_NETWORK_CONNECTIONS = NO;
				ENABLE_OUTGOING_NETWORK_CONNECTIONS = YES;
				ENABLE_PREVIEWS = YES;
				ENABLE_RESOURCE_ACCESS_AUDIO_INPUT = NO;
				ENABLE_RESOURCE_ACCESS_BLUETOOTH = NO;
				ENABLE_RESOURCE_ACCESS_CALENDARS = NO;
				ENABLE_RESOURCE_ACCESS_CAMERA = NO;
				ENABLE_RESOURCE_ACCESS_CONTACTS = NO;
				ENABLE_RESOURCE_ACCESS_LOCATION = NO;
				ENABLE_RESOURCE_ACCESS_PRINTING = NO;
				ENABLE_RESOURCE_ACCESS_USB = NO;
				ENABLE_USER_SCRIPT_SANDBOXING = YES;
				GENERATE_INFOPLIST_FILE = YES;
				INFOPLIST_FILE = FoundationModelsTripPlanner/Info.plist;
				INFOPLIST_KEY_CFBundleDisplayName = FoundationModelsTripPlanner;
				INFOPLIST_KEY_NSCameraUsageDescription = "For live video chat";
				INFOPLIST_KEY_NSMicrophoneUsageDescription = "Live audio chat";
				INFOPLIST_KEY_UIApplicationSceneManifest_Generation = YES;
				"INFOPLIST_KEY_UIApplicationSceneManifest_Generation[sdk=iphoneos*]" = YES;
				"INFOPLIST_KEY_UIApplicationSceneManifest_Generation[sdk=iphonesimulator*]" = YES;
				INFOPLIST_KEY_UIApplicationSupportsIndirectInputEvents = YES;
				"INFOPLIST_KEY_UIApplicationSupportsIndirectInputEvents[sdk=iphoneos*]" = YES;
				"INFOPLIST_KEY_UIApplicationSupportsIndirectInputEvents[sdk=iphonesimulator*]" = YES;
				INFOPLIST_KEY_UILaunchScreen_Generation = YES;
				"INFOPLIST_KEY_UILaunchScreen_Generation[sdk=iphoneos*]" = YES;
				"INFOPLIST_KEY_UILaunchScreen_Generation[sdk=iphonesimulator*]" = YES;
				INFOPLIST_KEY_UIStatusBarStyle = UIStatusBarStyleDefault;
				"INFOPLIST_KEY_UIStatusBarStyle[sdk=iphoneos*]" = UIStatusBarStyleDefault;
				"INFOPLIST_KEY_UIStatusBarStyle[sdk=iphonesimulator*]" = UIStatusBarStyleDefault;
				INFOPLIST_KEY_UISupportedInterfaceOrientations = UIInterfaceOrientationPortrait;
				INFOPLIST_KEY_UISupportedInterfaceOrientations_iPad = "UIInterfaceOrientationLandscapeLeft UIInterfaceOrientationLandscapeRight UIInterfaceOrientationPortrait UIInterfaceOrientationPortraitUpsideDown";
				IPHONEOS_DEPLOYMENT_TARGET = 27.0;
				LD_RUNPATH_SEARCH_PATHS = "@executable_path/Frameworks";
				"LD_RUNPATH_SEARCH_PATHS[sdk=macosx*]" = "@executable_path/../Frameworks";
				MACOSX_DEPLOYMENT_TARGET = 27.0;
				MARKETING_VERSION = 1.0;
				PRODUCT_BUNDLE_IDENTIFIER = "com.example.apple-samplecode.FoundationModelsTripPlanner.peterfriese";
				PRODUCT_NAME = "$(TARGET_NAME)";
				PROVISIONING_PROFILE_SPECIFIER = "";
				REGISTER_APP_GROUPS = YES;
				SDKROOT = iphoneos;
				SUPPORTED_PLATFORMS = "iphoneos iphonesimulator macosx xros xrsimulator";
				SUPPORTS_MACCATALYST = NO;
				SUPPORTS_MAC_DESIGNED_FOR_IPHONE_IPAD = NO;
				SUPPORTS_XR_DESIGNED_FOR_IPHONE_IPAD = NO;
				SWIFT_EMIT_LOC_STRINGS = YES;
				SWIFT_VERSION = 6.0;
				TARGETED_DEVICE_FAMILY = "1,2,7";
				XROS_DEPLOYMENT_TARGET = 27.0;
			};
			name = Debug;
		};
		D82EA1032D5692FE00493877 /* Release */ = {
			isa = XCBuildConfiguration;
			baseConfigurationReference = C2CF23B4E783FC5A6E4F1639 /* SampleCode.xcconfig */;
			buildSettings = {
				ASSETCATALOG_COMPILER_APPICON_NAME = AppIcon;
				ASSETCATALOG_COMPILER_GLOBAL_ACCENT_COLOR_NAME = AccentColor;
				CODE_SIGN_ENTITLEMENTS = FoundationModelsTripPlanner/FoundationModelsTripPlanner.entitlements;
				CODE_SIGN_IDENTITY = "Apple Development";
				CODE_SIGN_STYLE = Automatic;
				CURRENT_PROJECT_VERSION = 1;
				DEAD_CODE_STRIPPING = YES;
				DEVELOPMENT_TEAM = YGAZHQXHH4;
				ENABLE_APP_SANDBOX = YES;
				ENABLE_HARDENED_RUNTIME = YES;
				ENABLE_INCOMING_NETWORK_CONNECTIONS = NO;
				ENABLE_OUTGOING_NETWORK_CONNECTIONS = YES;
				ENABLE_PREVIEWS = YES;
				ENABLE_RESOURCE_ACCESS_AUDIO_INPUT = NO;
				ENABLE_RESOURCE_ACCESS_BLUETOOTH = NO;
				ENABLE_RESOURCE_ACCESS_CALENDARS = NO;
				ENABLE_RESOURCE_ACCESS_CAMERA = NO;
				ENABLE_RESOURCE_ACCESS_CONTACTS = NO;
				ENABLE_RESOURCE_ACCESS_LOCATION = NO;
				ENABLE_RESOURCE_ACCESS_PRINTING = NO;
				ENABLE_RESOURCE_ACCESS_USB = NO;
				ENABLE_USER_SCRIPT_SANDBOXING = YES;
				GENERATE_INFOPLIST_FILE = YES;
				INFOPLIST_FILE = FoundationModelsTripPlanner/Info.plist;
				INFOPLIST_KEY_CFBundleDisplayName = FoundationModelsTripPlanner;
				INFOPLIST_KEY_NSCameraUsageDescription = "For live video chat";
				INFOPLIST_KEY_NSMicrophoneUsageDescription = "Live audio chat";
				INFOPLIST_KEY_UIApplicationSceneManifest_Generation = YES;
				"INFOPLIST_KEY_UIApplicationSceneManifest_Generation[sdk=iphoneos*]" = YES;
				"INFOPLIST_KEY_UIApplicationSceneManifest_Generation[sdk=iphonesimulator*]" = YES;
				INFOPLIST_KEY_UIApplicationSupportsIndirectInputEvents = YES;
				"INFOPLIST_KEY_UIApplicationSupportsIndirectInputEvents[sdk=iphoneos*]" = YES;
				"INFOPLIST_KEY_UIApplicationSupportsIndirectInputEvents[sdk=iphonesimulator*]" = YES;
				INFOPLIST_KEY_UILaunchScreen_Generation = YES;
				"INFOPLIST_KEY_UILaunchScreen_Generation[sdk=iphoneos*]" = YES;
				"INFOPLIST_KEY_UILaunchScreen_Generation[sdk=iphonesimulator*]" = YES;
				INFOPLIST_KEY_UIStatusBarStyle = UIStatusBarStyleDefault;
				"INFOPLIST_KEY_UIStatusBarStyle[sdk=iphoneos*]" = UIStatusBarStyleDefault;
				"INFOPLIST_KEY_UIStatusBarStyle[sdk=iphonesimulator*]" = UIStatusBarStyleDefault;
				INFOPLIST_KEY_UISupportedInterfaceOrientations = UIInterfaceOrientationPortrait;
				INFOPLIST_KEY_UISupportedInterfaceOrientations_iPad = "UIInterfaceOrientationLandscapeLeft UIInterfaceOrientationLandscapeRight UIInterfaceOrientationPortrait UIInterfaceOrientationPortraitUpsideDown";
				IPHONEOS_DEPLOYMENT_TARGET = 27.0;
				LD_RUNPATH_SEARCH_PATHS = "@executable_path/Frameworks";
				"LD_RUNPATH_SEARCH_PATHS[sdk=macosx*]" = "@executable_path/../Frameworks";
				MACOSX_DEPLOYMENT_TARGET = 27.0;
				MARKETING_VERSION = 1.0;
				PRODUCT_BUNDLE_IDENTIFIER = "com.example.apple-samplecode.FoundationModelsTripPlanner.peterfriese";
				PRODUCT_NAME = "$(TARGET_NAME)";
				PROVISIONING_PROFILE_SPECIFIER = "";
				REGISTER_APP_GROUPS = YES;
				SDKROOT = iphoneos;
				SUPPORTED_PLATFORMS = "iphoneos iphonesimulator macosx xros xrsimulator";
				SUPPORTS_MACCATALYST = NO;
				SUPPORTS_MAC_DESIGNED_FOR_IPHONE_IPAD = NO;
				SUPPORTS_XR_DESIGNED_FOR_IPHONE_IPAD = NO;
				SWIFT_EMIT_LOC_STRINGS = YES;
				SWIFT_VERSION = 6.0;
				TARGETED_DEVICE_FAMILY = "1,2,7";
				XROS_DEPLOYMENT_TARGET = 27.0;
			};
			name = Release;
		};
/* End XCBuildConfiguration section */

/* Begin XCConfigurationList section */
		D82EA0F02D5692FD00493877 /* Build configuration list for PBXProject "FoundationModelsTripPlanner" */ = {
			isa = XCConfigurationList;
			buildConfigurations = (
				D82EA0FF2D5692FE00493877 /* Debug */,
				D82EA1002D5692FE00493877 /* Release */,
			);
			defaultConfigurationIsVisible = 0;
			defaultConfigurationName = Release;
		};
		D82EA1012D5692FE00493877 /* Build configuration list for PBXNativeTarget "FoundationModelsTripPlanner" */ = {
			isa = XCConfigurationList;
			buildConfigurations = (
				D82EA1022D5692FE00493877 /* Debug */,
				D82EA1032D5692FE00493877 /* Release */,
			);
			defaultConfigurationIsVisible = 0;
			defaultConfigurationName = Release;
		};
/* End XCConfigurationList section */

/* Begin XCRemoteSwiftPackageReference section */
		8844340A2FD94CDE00D86AF8 /* XCRemoteSwiftPackageReference "firebase-ios-sdk" */ = {
			isa = XCRemoteSwiftPackageReference;
			repositoryURL = "https://github.com/firebase/firebase-ios-sdk/";
			requirement = {
				branch = "wwdc26-preview-dev";
				kind = branch;
			};
		};
/* End XCRemoteSwiftPackageReference section */

/* Begin XCSwiftPackageProductDependency section */
		8844340B2FD94CDE00D86AF8 /* FirebaseAI */ = {
			isa = XCSwiftPackageProductDependency;
			package = 8844340A2FD94CDE00D86AF8 /* XCRemoteSwiftPackageReference "firebase-ios-sdk" */;
			productName = FirebaseAI;
		};
		8844340D2FD94CDE00D86AF8 /* FirebaseAILogic */ = {
			isa = XCSwiftPackageProductDependency;
			package = 8844340A2FD94CDE00D86AF8 /* XCRemoteSwiftPackageReference "firebase-ios-sdk" */;
			productName = FirebaseAILogic;
		};
		8844340F2FD94CDE00D86AF8 /* FirebaseAppCheck */ = {
			isa = XCSwiftPackageProductDependency;
			package = 8844340A2FD94CDE00D86AF8 /* XCRemoteSwiftPackageReference "firebase-ios-sdk" */;
			productName = FirebaseAppCheck;
		};
		884434112FD94CDE00D86AF8 /* FirebaseCore */ = {
			isa = XCSwiftPackageProductDependency;
			package = 8844340A2FD94CDE00D86AF8 /* XCRemoteSwiftPackageReference "firebase-ios-sdk" */;
			productName = FirebaseCore;
		};
		888D3E8E2FD7AFE70036B084 /* FirebaseAI */ = {
			isa = XCSwiftPackageProductDependency;
			productName = FirebaseAI;
		};
		888D3E902FD7AFE70036B084 /* FirebaseAILogic */ = {
			isa = XCSwiftPackageProductDependency;
			productName = FirebaseAILogic;
		};
		888D3E922FD7AFE70036B084 /* FirebaseAppCheck */ = {
			isa = XCSwiftPackageProductDependency;
			productName = FirebaseAppCheck;
		};
		88B61B782FD8577600B3C1CE /* FirebaseAI */ = {
			isa = XCSwiftPackageProductDependency;
			productName = FirebaseAI;
		};
		88B61B7A2FD8577600B3C1CE /* FirebaseAILogic */ = {
			isa = XCSwiftPackageProductDependency;
			productName = FirebaseAILogic;
		};
		88B61B7C2FD8577600B3C1CE /* FirebaseAppCheck */ = {
			isa = XCSwiftPackageProductDependency;
			productName = FirebaseAppCheck;
		};
		88B61B7E2FD8577600B3C1CE /* FirebaseCore */ = {
			isa = XCSwiftPackageProductDependency;
			productName = FirebaseCore;
		};
/* End XCSwiftPackageProductDependency section */
	};
	rootObject = D82EA0ED2D5692FD00493877 /* Project object */;
}
