// !$*UTF8*$!
{
	archiveVersion = 1;
	classes = {
	};
	objectVersion = 77;
	objects = {

/* Begin PBXBuildFile section */
		88ED0FF32DAFA1B000B6A790 /* ConversationKit in Frameworks */ = {isa = PBXBuildFile; productRef = 88ED0FF22DAFA1B000B6A790 /* ConversationKit */; };
		88ED0FF92DAFA78100B6A790 /* IdentityKit in Frameworks */ = {isa = PBXBuildFile; productRef = 88ED0FF82DAFA78100B6A790 /* IdentityKit */; };
		88ED0FFE2DAFBE0700B6A790 /* Nuke in Frameworks */ = {isa = PBXBuildFile; productRef = 88ED0FFD2DAFBE0700B6A790 /* Nuke */; };
		88ED10002DAFBE0700B6A790 /* NukeExtensions in Frameworks */ = {isa = PBXBuildFile; productRef = 88ED0FFF2DAFBE0700B6A790 /* NukeExtensions */; };
		88ED10022DAFBE0700B6A790 /* NukeUI in Frameworks */ = {isa = PBXBuildFile; productRef = 88ED10012DAFBE0700B6A790 /* NukeUI */; };
		88ED10042DAFBE0700B6A790 /* NukeVideo in Frameworks */ = {isa = PBXBuildFile; productRef = 88ED10032DAFBE0700B6A790 /* NukeVideo */; };
		88ED10272DAFC65800B6A790 /* FirebaseAuth in Frameworks */ = {isa = PBXBuildFile; productRef = 88ED10262DAFC65800B6A790 /* FirebaseAuth */; };
		88ED10292DAFC65800B6A790 /* FirebaseFirestore in Frameworks */ = {isa = PBXBuildFile; productRef = 88ED10282DAFC65800B6A790 /* FirebaseFirestore */; };
		88ED102B2DAFC65800B6A790 /* FirebaseFunctions in Frameworks */ = {isa = PBXBuildFile; productRef = 88ED102A2DAFC65800B6A790 /* FirebaseFunctions */; };
		88ED102D2DAFC65800B6A790 /* FirebaseVertexAI in Frameworks */ = {isa = PBXBuildFile; productRef = 88ED102C2DAFC65800B6A790 /* FirebaseVertexAI */; };
/* End PBXBuildFile section */

/* Begin PBXFileReference section */
		8835AEDD2DAEA78E0047378F /* FriendlyMeals.app */ = {isa = PBXFileReference; explicitFileType = wrapper.application; includeInIndex = 0; path = FriendlyMeals.app; sourceTree = BUILT_PRODUCTS_DIR; };
/* End PBXFileReference section */

/* Begin PBXFileSystemSynchronizedBuildFileExceptionSet section */
		88C249432DCD120300C4F46B /* Exceptions for "FriendlyMeals" folder in "FriendlyMeals" target */ = {
			isa = PBXFileSystemSynchronizedBuildFileExceptionSet;
			membershipExceptions = (
				Info.plist,
			);
			target = 8835AEDC2DAEA78E0047378F /* FriendlyMeals */;
		};
/* End PBXFileSystemSynchronizedBuildFileExceptionSet section */

/* Begin PBXFileSystemSynchronizedRootGroup section */
		8835AEDF2DAEA78E0047378F /* FriendlyMeals */ = {
			isa = PBXFileSystemSynchronizedRootGroup;
			exceptions = (
				88C249432DCD120300C4F46B /* Exceptions for "FriendlyMeals" folder in "FriendlyMeals" target */,
			);
			path = FriendlyMeals;
			sourceTree = "<group>";
		};
/* End PBXFileSystemSynchronizedRootGroup section */

/* Begin PBXFrameworksBuildPhase section */
		8835AEDA2DAEA78E0047378F /* Frameworks */ = {
			isa = PBXFrameworksBuildPhase;
			buildActionMask = 2147483647;
			files = (
				88ED10022DAFBE0700B6A790 /* NukeUI in Frameworks */,
				88ED10042DAFBE0700B6A790 /* NukeVideo in Frameworks */,
				88ED0FFE2DAFBE0700B6A790 /* Nuke in Frameworks */,
				88ED102B2DAFC65800B6A790 /* FirebaseFunctions in Frameworks */,
				88ED10002DAFBE0700B6A790 /* NukeExtensions in Frameworks */,
				88ED0FF32DAFA1B000B6A790 /* ConversationKit in Frameworks */,
				88ED10292DAFC65800B6A790 /* FirebaseFirestore in Frameworks */,
				88ED102D2DAFC65800B6A790 /* FirebaseVertexAI in Frameworks */,
				88ED10272DAFC65800B6A790 /* FirebaseAuth in Frameworks */,
				88ED0FF92DAFA78100B6A790 /* IdentityKit in Frameworks */,
			);
			runOnlyForDeploymentPostprocessing = 0;
		};
/* End PBXFrameworksBuildPhase section */

/* Begin PBXGroup section */
		8835AED42DAEA78D0047378F = {
			isa = PBXGroup;
			children = (
				8835AEDF2DAEA78E0047378F /* FriendlyMeals */,
				8835AEDE2DAEA78E0047378F /* Products */,
			);
			sourceTree = "<group>";
		};
		8835AEDE2DAEA78E0047378F /* Products */ = {
			isa = PBXGroup;
			children = (
				8835AEDD2DAEA78E0047378F /* FriendlyMeals.app */,
			);
			name = Products;
			sourceTree = "<group>";
		};
/* End PBXGroup section */

/* Begin PBXNativeTarget section */
		8835AEDC2DAEA78E0047378F /* FriendlyMeals */ = {
			isa = PBXNativeTarget;
			buildConfigurationList = 8835AEE82DAEA78F0047378F /* Build configuration list for PBXNativeTarget "FriendlyMeals" */;
			buildPhases = (
				8835AED92DAEA78E0047378F /* Sources */,
				8835AEDA2DAEA78E0047378F /* Frameworks */,
				8835AEDB2DAEA78E0047378F /* Resources */,
			);
			buildRules = (
			);
			dependencies = (
			);
			fileSystemSynchronizedGroups = (
				8835AEDF2DAEA78E0047378F /* FriendlyMeals */,
			);
			name = FriendlyMeals;
			packageProductDependencies = (
				88ED0FF22DAFA1B000B6A790 /* ConversationKit */,
				88ED0FF82DAFA78100B6A790 /* IdentityKit */,
				88ED0FFD2DAFBE0700B6A790 /* Nuke */,
				88ED0FFF2DAFBE0700B6A790 /* NukeExtensions */,
				88ED10012DAFBE0700B6A790 /* NukeUI */,
				88ED10032DAFBE0700B6A790 /* NukeVideo */,
				88ED10262DAFC65800B6A790 /* FirebaseAuth */,
				88ED10282DAFC65800B6A790 /* FirebaseFirestore */,
				88ED102A2DAFC65800B6A790 /* FirebaseFunctions */,
				88ED102C2DAFC65800B6A790 /* FirebaseVertexAI */,
			);
			productName = FriendlyMeals;
			productReference = 8835AEDD2DAEA78E0047378F /* FriendlyMeals.app */;
			productType = "com.apple.product-type.application";
		};
/* End PBXNativeTarget section */

/* Begin PBXProject section */
		8835AED52DAEA78D0047378F /* Project object */ = {
			isa = PBXProject;
			attributes = {
				BuildIndependentTargetsInParallel = 1;
				LastSwiftUpdateCheck = 1630;
				LastUpgradeCheck = 1630;
				TargetAttributes = {
					8835AEDC2DAEA78E0047378F = {
						CreatedOnToolsVersion = 16.3;
					};
				};
			};
			buildConfigurationList = 8835AED82DAEA78D0047378F /* Build configuration list for PBXProject "FriendlyMeals" */;
			developmentRegion = en;
			hasScannedForEncodings = 0;
			knownRegions = (
				en,
				Base,
			);
			mainGroup = 8835AED42DAEA78D0047378F;
			minimizedProjectReferenceProxies = 1;
			packageReferences = (
				88ED0FF12DAFA1B000B6A790 /* XCRemoteSwiftPackageReference "ConversationKit" */,
				88ED0FF72DAFA78100B6A790 /* XCRemoteSwiftPackageReference "IdentityKit" */,
				88ED0FFC2DAFBE0700B6A790 /* XCRemoteSwiftPackageReference "Nuke" */,
				88ED10252DAFC65800B6A790 /* XCRemoteSwiftPackageReference "firebase-ios-sdk" */,
			);
			preferredProjectObjectVersion = 77;
			productRefGroup = 8835AEDE2DAEA78E0047378F /* Products */;
			projectDirPath = "";
			projectRoot = "";
			targets = (
				8835AEDC2DAEA78E0047378F /* FriendlyMeals */,
			);
		};
/* End PBXProject section */

/* Begin PBXResourcesBuildPhase section */
		8835AEDB2DAEA78E0047378F /* Resources */ = {
			isa = PBXResourcesBuildPhase;
			buildActionMask = 2147483647;
			files = (
			);
			runOnlyForDeploymentPostprocessing = 0;
		};
/* End PBXResourcesBuildPhase section */

/* Begin PBXSourcesBuildPhase section */
		8835AED92DAEA78E0047378F /* Sources */ = {
			isa = PBXSourcesBuildPhase;
			buildActionMask = 2147483647;
			files = (
			);
			runOnlyForDeploymentPostprocessing = 0;
		};
/* End PBXSourcesBuildPhase section */

/* Begin XCBuildConfiguration section */
		8835AEE62DAEA78F0047378F /* Debug */ = {
			isa = XCBuildConfiguration;
			buildSettings = {
				ALWAYS_SEARCH_USER_PATHS = NO;
				ASSETCATALOG_COMPILER_GENERATE_SWIFT_ASSET_SYMBOL_EXTENSIONS = YES;
				CLANG_ANALYZER_NONNULL = YES;
				CLANG_ANALYZER_NUMBER_OBJECT_CONVERSION = YES_AGGRESSIVE;
				CLANG_CXX_LANGUAGE_STANDARD = "gnu++20";
				CLANG_ENABLE_MODULES = YES;
				CLANG_ENABLE_OBJC_ARC = YES;
				CLANG_ENABLE_OBJC_WEAK = YES;
				CLANG_WARN_BLOCK_CAPTURE_AUTORELEASING = YES;
				CLANG_WARN_BOOL_CONVERSION = YES;
				CLANG_WARN_COMMA = YES;
				CLANG_WARN_CONSTANT_CONVERSION = YES;
				CLANG_WARN_DEPRECATED_OBJC_IMPLEMENTATIONS = YES;
				CLANG_WARN_DIRECT_OBJC_ISA_USAGE = YES_ERROR;
				CLANG_WARN_DOCUMENTATION_COMMENTS = YES;
				CLANG_WARN_EMPTY_BODY = YES;
				CLANG_WARN_ENUM_CONVERSION = YES;
				CLANG_WARN_INFINITE_RECURSION = YES;
				CLANG_WARN_INT_CONVERSION = YES;
				CLANG_WARN_NON_LITERAL_NULL_CONVERSION = YES;
				CLANG_WARN_OBJC_IMPLICIT_RETAIN_SELF = YES;
				CLANG_WARN_OBJC_LITERAL_CONVERSION = YES;
				CLANG_WARN_OBJC_ROOT_CLASS = YES_ERROR;
				CLANG_WARN_QUOTED_INCLUDE_IN_FRAMEWORK_HEADER = YES;
				CLANG_WARN_RANGE_LOOP_ANALYSIS = YES;
				CLANG_WARN_STRICT_PROTOTYPES = YES;
				CLANG_WARN_SUSPICIOUS_MOVE = YES;
				CLANG_WARN_UNGUARDED_AVAILABILITY = YES_AGGRESSIVE;
				CLANG_WARN_UNREACHABLE_CODE = YES;
				CLANG_WARN__DUPLICATE_METHOD_MATCH = YES;
				COPY_PHASE_STRIP = NO;
				DEBUG_INFORMATION_FORMAT = dwarf;
				DEVELOPMENT_TEAM = YGAZHQXHH4;
				ENABLE_STRICT_OBJC_MSGSEND = YES;
				ENABLE_TESTABILITY = YES;
				ENABLE_USER_SCRIPT_SANDBOXING = YES;
				GCC_C_LANGUAGE_STANDARD = gnu17;
				GCC_DYNAMIC_NO_PIC = NO;
				GCC_NO_COMMON_BLOCKS = YES;
				GCC_OPTIMIZATION_LEVEL = 0;
				GCC_PREPROCESSOR_DEFINITIONS = (
					"DEBUG=1",
					"$(inherited)",
				);
				GCC_WARN_64_TO_32_BIT_CONVERSION = YES;
				GCC_WARN_ABOUT_RETURN_TYPE = YES_ERROR;
				GCC_WARN_UNDECLARED_SELECTOR = YES;
				GCC_WARN_UNINITIALIZED_AUTOS = YES_AGGRESSIVE;
				GCC_WARN_UNUSED_FUNCTION = YES;
				GCC_WARN_UNUSED_VARIABLE = YES;
				IPHONEOS_DEPLOYMENT_TARGET = 18.4;
				LOCALIZATION_PREFERS_STRING_CATALOGS = YES;
				MTL_ENABLE_DEBUG_INFO = INCLUDE_SOURCE;
				MTL_FAST_MATH = YES;
				ONLY_ACTIVE_ARCH = YES;
				SDKROOT = iphoneos;
				SWIFT_ACTIVE_COMPILATION_CONDITIONS = "DEBUG $(inherited)";
				SWIFT_OPTIMIZATION_LEVEL = "-Onone";
			};
			name = Debug;
		};
		8835AEE72DAEA78F0047378F /* Release */ = {
			isa = XCBuildConfiguration;
			buildSettings = {
				ALWAYS_SEARCH_USER_PATHS = NO;
				ASSETCATALOG_COMPILER_GENERATE_SWIFT_ASSET_SYMBOL_EXTENSIONS = YES;
				CLANG_ANALYZER_NONNULL = YES;
				CLANG_ANALYZER_NUMBER_OBJECT_CONVERSION = YES_AGGRESSIVE;
				CLANG_CXX_LANGUAGE_STANDARD = "gnu++20";
				CLANG_ENABLE_MODULES = YES;
				CLANG_ENABLE_OBJC_ARC = YES;
				CLANG_ENABLE_OBJC_WEAK = YES;
				CLANG_WARN_BLOCK_CAPTURE_AUTORELEASING = YES;
				CLANG_WARN_BOOL_CONVERSION = YES;
				CLANG_WARN_COMMA = YES;
				CLANG_WARN_CONSTANT_CONVERSION = YES;
				CLANG_WARN_DEPRECATED_OBJC_IMPLEMENTATIONS = YES;
				CLANG_WARN_DIRECT_OBJC_ISA_USAGE = YES_ERROR;
				CLANG_WARN_DOCUMENTATION_COMMENTS = YES;
				CLANG_WARN_EMPTY_BODY = YES;
				CLANG_WARN_ENUM_CONVERSION = YES;
				CLANG_WARN_INFINITE_RECURSION = YES;
				CLANG_WARN_INT_CONVERSION = YES;
				CLANG_WARN_NON_LITERAL_NULL_CONVERSION = YES;
				CLANG_WARN_OBJC_IMPLICIT_RETAIN_SELF = YES;
				CLANG_WARN_OBJC_LITERAL_CONVERSION = YES;
				CLANG_WARN_OBJC_ROOT_CLASS = YES_ERROR;
				CLANG_WARN_QUOTED_INCLUDE_IN_FRAMEWORK_HEADER = YES;
				CLANG_WARN_RANGE_LOOP_ANALYSIS = YES;
				CLANG_WARN_STRICT_PROTOTYPES = YES;
				CLANG_WARN_SUSPICIOUS_MOVE = YES;
				CLANG_WARN_UNGUARDED_AVAILABILITY = YES_AGGRESSIVE;
				CLANG_WARN_UNREACHABLE_CODE = YES;
				CLANG_WARN__DUPLICATE_METHOD_MATCH = YES;
				COPY_PHASE_STRIP = NO;
				DEBUG_INFORMATION_FORMAT = "dwarf-with-dsym";
				DEVELOPMENT_TEAM = YGAZHQXHH4;
				ENABLE_NS_ASSERTIONS = NO;
				ENABLE_STRICT_OBJC_MSGSEND = YES;
				ENABLE_USER_SCRIPT_SANDBOXING = YES;
				GCC_C_LANGUAGE_STANDARD = gnu17;
				GCC_NO_COMMON_BLOCKS = YES;
				GCC_WARN_64_TO_32_BIT_CONVERSION = YES;
				GCC_WARN_ABOUT_RETURN_TYPE = YES_ERROR;
				GCC_WARN_UNDECLARED_SELECTOR = YES;
				GCC_WARN_UNINITIALIZED_AUTOS = YES_AGGRESSIVE;
				GCC_WARN_UNUSED_FUNCTION = YES;
				GCC_WARN_UNUSED_VARIABLE = YES;
				IPHONEOS_DEPLOYMENT_TARGET = 18.4;
				LOCALIZATION_PREFERS_STRING_CATALOGS = YES;
				MTL_ENABLE_DEBUG_INFO = NO;
				MTL_FAST_MATH = YES;
				SDKROOT = iphoneos;
				SWIFT_COMPILATION_MODE = wholemodule;
				VALIDATE_PRODUCT = YES;
			};
			name = Release;
		};
		8835AEE92DAEA78F0047378F /* Debug */ = {
			isa = XCBuildConfiguration;
			buildSettings = {
				ASSETCATALOG_COMPILER_APPICON_NAME = AppIcon;
				ASSETCATALOG_COMPILER_GLOBAL_ACCENT_COLOR_NAME = AccentColor;
				CODE_SIGN_STYLE = Automatic;
				CURRENT_PROJECT_VERSION = 1;
				DEVELOPMENT_TEAM = YGAZHQXHH4;
				ENABLE_PREVIEWS = YES;
				GENERATE_INFOPLIST_FILE = YES;
				INFOPLIST_FILE = FriendlyMeals/Info.plist;
				INFOPLIST_KEY_NSCameraUsageDescription = "Take photos of food";
				INFOPLIST_KEY_UIApplicationSceneManifest_Generation = YES;
				INFOPLIST_KEY_UIApplicationSupportsIndirectInputEvents = YES;
				INFOPLIST_KEY_UILaunchScreen_Generation = YES;
				INFOPLIST_KEY_UISupportedInterfaceOrientations_iPad = "UIInterfaceOrientationPortrait UIInterfaceOrientationPortraitUpsideDown UIInterfaceOrientationLandscapeLeft UIInterfaceOrientationLandscapeRight";
				INFOPLIST_KEY_UISupportedInterfaceOrientations_iPhone = "UIInterfaceOrientationPortrait UIInterfaceOrientationLandscapeLeft UIInterfaceOrientationLandscapeRight";
				IPHONEOS_DEPLOYMENT_TARGET = 18.0;
				LD_RUNPATH_SEARCH_PATHS = (
					"$(inherited)",
					"@executable_path/Frameworks",
				);
				MARKETING_VERSION = 1.0;
				PRODUCT_BUNDLE_IDENTIFIER = com.google.firebase.samples.FriendlyMeals;
				PRODUCT_NAME = "$(TARGET_NAME)";
				SWIFT_EMIT_LOC_STRINGS = YES;
				SWIFT_VERSION = 5.0;
				TARGETED_DEVICE_FAMILY = "1,2";
			};
			name = Debug;
		};
		8835AEEA2DAEA78F0047378F /* Release */ = {
			isa = XCBuildConfiguration;
			buildSettings = {
				ASSETCATALOG_COMPILER_APPICON_NAME = AppIcon;
				ASSETCATALOG_COMPILER_GLOBAL_ACCENT_COLOR_NAME = AccentColor;
				CODE_SIGN_STYLE = Automatic;
				CURRENT_PROJECT_VERSION = 1;
				DEVELOPMENT_TEAM = YGAZHQXHH4;
				ENABLE_PREVIEWS = YES;
				GENERATE_INFOPLIST_FILE = YES;
				INFOPLIST_FILE = FriendlyMeals/Info.plist;
				INFOPLIST_KEY_NSCameraUsageDescription = "Take photos of food";
				INFOPLIST_KEY_UIApplicationSceneManifest_Generation = YES;
				INFOPLIST_KEY_UIApplicationSupportsIndirectInputEvents = YES;
				INFOPLIST_KEY_UILaunchScreen_Generation = YES;
				INFOPLIST_KEY_UISupportedInterfaceOrientations_iPad = "UIInterfaceOrientationPortrait UIInterfaceOrientationPortraitUpsideDown UIInterfaceOrientationLandscapeLeft UIInterfaceOrientationLandscapeRight";
				INFOPLIST_KEY_UISupportedInterfaceOrientations_iPhone = "UIInterfaceOrientationPortrait UIInterfaceOrientationLandscapeLeft UIInterfaceOrientationLandscapeRight";
				IPHONEOS_DEPLOYMENT_TARGET = 18.0;
				LD_RUNPATH_SEARCH_PATHS = (
					"$(inherited)",
					"@executable_path/Frameworks",
				);
				MARKETING_VERSION = 1.0;
				PRODUCT_BUNDLE_IDENTIFIER = com.google.firebase.samples.FriendlyMeals;
				PRODUCT_NAME = "$(TARGET_NAME)";
				SWIFT_EMIT_LOC_STRINGS = YES;
				SWIFT_VERSION = 5.0;
				TARGETED_DEVICE_FAMILY = "1,2";
			};
			name = Release;
		};
/* End XCBuildConfiguration section */

/* Begin XCConfigurationList section */
		8835AED82DAEA78D0047378F /* Build configuration list for PBXProject "FriendlyMeals" */ = {
			isa = XCConfigurationList;
			buildConfigurations = (
				8835AEE62DAEA78F0047378F /* Debug */,
				8835AEE72DAEA78F0047378F /* Release */,
			);
			defaultConfigurationIsVisible = 0;
			defaultConfigurationName = Release;
		};
		8835AEE82DAEA78F0047378F /* Build configuration list for PBXNativeTarget "FriendlyMeals" */ = {
			isa = XCConfigurationList;
			buildConfigurations = (
				8835AEE92DAEA78F0047378F /* Debug */,
				8835AEEA2DAEA78F0047378F /* Release */,
			);
			defaultConfigurationIsVisible = 0;
			defaultConfigurationName = Release;
		};
/* End XCConfigurationList section */

/* Begin XCRemoteSwiftPackageReference section */
		88ED0FF12DAFA1B000B6A790 /* XCRemoteSwiftPackageReference "ConversationKit" */ = {
			isa = XCRemoteSwiftPackageReference;
			repositoryURL = "https://github.com/peterfriese/ConversationKit";
			requirement = {
				branch = main;
				kind = branch;
			};
		};
		88ED0FF72DAFA78100B6A790 /* XCRemoteSwiftPackageReference "IdentityKit" */ = {
			isa = XCRemoteSwiftPackageReference;
			repositoryURL = "https://github.com/peterfriese/IdentityKit";
			requirement = {
				branch = main;
				kind = branch;
			};
		};
		88ED0FFC2DAFBE0700B6A790 /* XCRemoteSwiftPackageReference "Nuke" */ = {
			isa = XCRemoteSwiftPackageReference;
			repositoryURL = "https://github.com/kean/Nuke?tab=readme-ov-file";
			requirement = {
				kind = upToNextMajorVersion;
				minimumVersion = 12.8.0;
			};
		};
		88ED10252DAFC65800B6A790 /* XCRemoteSwiftPackageReference "firebase-ios-sdk" */ = {
			isa = XCRemoteSwiftPackageReference;
			repositoryURL = "https://github.com/firebase/firebase-ios-sdk.git";
			requirement = {
				kind = upToNextMajorVersion;
				minimumVersion = 11.11.0;
			};
		};
/* End XCRemoteSwiftPackageReference section */

/* Begin XCSwiftPackageProductDependency section */
		88ED0FF22DAFA1B000B6A790 /* ConversationKit */ = {
			isa = XCSwiftPackageProductDependency;
			package = 88ED0FF12DAFA1B000B6A790 /* XCRemoteSwiftPackageReference "ConversationKit" */;
			productName = ConversationKit;
		};
		88ED0FF82DAFA78100B6A790 /* IdentityKit */ = {
			isa = XCSwiftPackageProductDependency;
			package = 88ED0FF72DAFA78100B6A790 /* XCRemoteSwiftPackageReference "IdentityKit" */;
			productName = IdentityKit;
		};
		88ED0FFD2DAFBE0700B6A790 /* Nuke */ = {
			isa = XCSwiftPackageProductDependency;
			package = 88ED0FFC2DAFBE0700B6A790 /* XCRemoteSwiftPackageReference "Nuke" */;
			productName = Nuke;
		};
		88ED0FFF2DAFBE0700B6A790 /* NukeExtensions */ = {
			isa = XCSwiftPackageProductDependency;
			package = 88ED0FFC2DAFBE0700B6A790 /* XCRemoteSwiftPackageReference "Nuke" */;
			productName = NukeExtensions;
		};
		88ED10012DAFBE0700B6A790 /* NukeUI */ = {
			isa = XCSwiftPackageProductDependency;
			package = 88ED0FFC2DAFBE0700B6A790 /* XCRemoteSwiftPackageReference "Nuke" */;
			productName = NukeUI;
		};
		88ED10032DAFBE0700B6A790 /* NukeVideo */ = {
			isa = XCSwiftPackageProductDependency;
			package = 88ED0FFC2DAFBE0700B6A790 /* XCRemoteSwiftPackageReference "Nuke" */;
			productName = NukeVideo;
		};
		88ED10262DAFC65800B6A790 /* FirebaseAuth */ = {
			isa = XCSwiftPackageProductDependency;
			package = 88ED10252DAFC65800B6A790 /* XCRemoteSwiftPackageReference "firebase-ios-sdk" */;
			productName = FirebaseAuth;
		};
		88ED10282DAFC65800B6A790 /* FirebaseFirestore */ = {
			isa = XCSwiftPackageProductDependency;
			package = 88ED10252DAFC65800B6A790 /* XCRemoteSwiftPackageReference "firebase-ios-sdk" */;
			productName = FirebaseFirestore;
		};
		88ED102A2DAFC65800B6A790 /* FirebaseFunctions */ = {
			isa = XCSwiftPackageProductDependency;
			package = 88ED10252DAFC65800B6A790 /* XCRemoteSwiftPackageReference "firebase-ios-sdk" */;
			productName = FirebaseFunctions;
		};
		88ED102C2DAFC65800B6A790 /* FirebaseVertexAI */ = {
			isa = XCSwiftPackageProductDependency;
			package = 88ED10252DAFC65800B6A790 /* XCRemoteSwiftPackageReference "firebase-ios-sdk" */;
			productName = FirebaseVertexAI;
		};
/* End XCSwiftPackageProductDependency section */
	};
	rootObject = 8835AED52DAEA78D0047378F /* Project object */;
}
